Microsoft Visual Studio Solution File, Format Version 12.00
# Visual Studio Version 17
VisualStudioVersion = 17.5.2.0
MinimumVisualStudioVersion = 10.0.40219.1
Project("{2150E333-8FDC-42A3-9474-1A3956D46DE8}") = "Assignment", "Assignment", "{9AD56520-CC69-D13B-DD50-24A91D5BFBA7}"
EndProject
Project("{2150E333-8FDC-42A3-9474-1A3956D46DE8}") = "Esercitazioni", "Esercitazioni", "{F312FC38-84F1-8DE5-C76E-1430CDC4E95E}"
EndProject
Project("{2150E333-8FDC-42A3-9474-1A3956D46DE8}") = "EserciziCasa", "EserciziCasa", "{36E7A5F5-63AD-A372-DEB4-2DFFA557044D}"
EndProject
Project("{FAE04EC0-301F-11D3-BF4B-00C04F79EFBC}") = "01_Calcolatrice", "Assignment\01_Calcolatrice\01_Calcolatrice.csproj", "{CB4C7664-F6EA-1900-9083-A336E5B3F319}"
EndProject
Project("{FAE04EC0-301F-11D3-BF4B-00C04F79EFBC}") = "02_Fizzbuzz", "Assignment\02_Fizzbuzz\02_Fizzbuzz.csproj", "{58167A4E-B9A9-B632-B1DC-038EF06DF23E}"
EndProject
Project("{FAE04EC0-301F-11D3-BF4B-00C04F79EFBC}") = "03_Elenco-partecipanti", "Assignment\03_Elenco-partecipanti\03_Elenco-partecipanti.csproj", "{460B657C-169D-92EA-A6AC-E0BE4C49555E}"
EndProject
Project("{FAE04EC0-301F-11D3-BF4B-00C04F79EFBC}") = "04_Format", "Assignment\04_Format\04_Format.csproj", "{BA5624D9-09E6-AAAD-6114-9A4CC096AF7D}"
EndProject
Project("{FAE04EC0-301F-11D3-BF4B-00C04F79EFBC}") = "05_Array", "Assignment\05_Array\05_Array.csproj", "{03C3F779-2056-0CFA-6E51-2678B8C21398}"
EndProject
Project("{FAE04EC0-301F-11D3-BF4B-00C04F79EFBC}") = "06_Catalogo", "Assignment\06_Catalogo\06_Catalogo.csproj", "{30071807-6867-1966-0993-AF2D59673F87}"
EndProject
Project("{FAE04EC0-301F-11D3-BF4B-00C04F79EFBC}") = "07_Generapassword", "Assignment\07_Generapassword\07_Generapassword.csproj", "{4B65D679-A419-7D8F-134E-158CBE03ADED}"
EndProject
Project("{FAE04EC0-301F-11D3-BF4B-00C04F79EFBC}") = "07_VarianteGenerapassword", "Assignment\07_VarianteGenerapassword\07_VarianteGenerapassword.csproj", "{5F97ED69-ADE0-4ED2-4468-CB35B422B883}"
EndProject
Project("{FAE04EC0-301F-11D3-BF4B-00C04F79EFBC}") = "08_Sorteggio-Partecipanti", "Assignment\08_Sorteggio-Partecipanti\08_Sorteggio-Partecipanti.csproj", "{2FD04A92-51AC-397B-FD4D-CCA004AFF877}"
EndProject
Project("{FAE04EC0-301F-11D3-BF4B-00C04F79EFBC}") = "09_CalcolatriceConFunzioni", "Assignment\09_CalcolatriceConFunzioni\09_CalcolatriceConFunzioni.csproj", "{50959BEB-E114-E733-869D-17CC8159114A}"
EndProject
Project("{FAE04EC0-301F-11D3-BF4B-00C04F79EFBC}") = "10_SorteggioConFunzioni", "Assignment\10_SorteggioConFunzioni\10_SorteggioConFunzioni.csproj", "{BAE661F1-12A7-9F45-93BC-0BF4C87F6BA8}"
EndProject
Project("{FAE04EC0-301F-11D3-BF4B-00C04F79EFBC}") = "11_Files_Backup", "Assignment\11_Files_Backup\11_Files_Backup.csproj", "{5FA0CE92-8008-8E69-B3EB-86E2924787DC}"
EndProject
Project("{FAE04EC0-301F-11D3-BF4B-00C04F79EFBC}") = "12_Foglio-partecipanti", "Assignment\12_Foglio-partecipanti\12_Foglio-partecipanti.csproj", "{70D26EF2-9FF8-1DEA-B063-82E91B8B378B}"
EndProject
Project("{FAE04EC0-301F-11D3-BF4B-00C04F79EFBC}") = "13_Csv", "Assignment\13_Csv\13_Csv.csproj", "{1594B9E6-DE38-7E88-CE46-FF1C903BC34A}"
EndProject
Project("{FAE04EC0-301F-11D3-BF4B-00C04F79EFBC}") = "16_Json_manager", "Assignment\16_Json_manager\16_Json_manager.csproj", "{69F4FBC8-7588-87B1-8AF6-0458E4036A47}"
EndProject
Project("{FAE04EC0-301F-11D3-BF4B-00C04F79EFBC}") = "Cicli", "Esercitazioni\Cicli\Cicli.csproj", "{0006D9FD-C33F-85E8-56DB-5C5BCF4D265E}"
EndProject
Project("{FAE04EC0-301F-11D3-BF4B-00C04F79EFBC}") = "Condizioni", "Esercitazioni\Condizioni\Condizioni.csproj", "{6C5D848D-BF94-173B-82DD-B9614C76A239}"
EndProject
Project("{FAE04EC0-301F-11D3-BF4B-00C04F79EFBC}") = "Date", "Esercitazioni\Date\Date.csproj", "{B72CF3F3-A2C9-7DD5-2A82-051FD5E56BFB}"
EndProject
Project("{FAE04EC0-301F-11D3-BF4B-00C04F79EFBC}") = "Funzioni", "Esercitazioni\Funzioni\Funzioni.csproj", "{4CBB267D-E4D3-7E09-CAF4-4C12D558DB7C}"
EndProject
Project("{FAE04EC0-301F-11D3-BF4B-00C04F79EFBC}") = "Gestione_eccezioni", "Esercitazioni\Gestione_eccezioni\Gestione_eccezioni.csproj", "{67C70608-C20E-2AB8-592A-D70EDCCB49EA}"
EndProject
Project("{FAE04EC0-301F-11D3-BF4B-00C04F79EFBC}") = "Json", "Esercitazioni\Json\Json.csproj", "{630DD031-97C9-CCE7-89FB-2E6A383AE64A}"
EndProject
Project("{FAE04EC0-301F-11D3-BF4B-00C04F79EFBC}") = "Metodi_array", "Esercitazioni\Metodi_array\Metodi_array.csproj", "{2652E9EB-EE17-9B8A-60E7-634A7B373F57}"
EndProject
Project("{FAE04EC0-301F-11D3-BF4B-00C04F79EFBC}") = "Metodi_Dizionario", "Esercitazioni\Metodi_Dizionario\Metodi_Dizionario.csproj", "{4FE87A2A-699C-008A-DCB5-34935622BAE1}"
EndProject
Project("{FAE04EC0-301F-11D3-BF4B-00C04F79EFBC}") = "Metodi_di_console", "Esercitazioni\Metodi_di_console\Metodi_di_console.csproj", "{A80A5CDF-6A66-EAAB-8C54-7B7D34D4CE5C}"
EndProject
Project("{FAE04EC0-301F-11D3-BF4B-00C04F79EFBC}") = "Metodi_di_Stringa", "Esercitazioni\Metodi_di_Stringa\Metodi_di_Stringa.csproj", "{85A1FD06-0D50-B2D2-94A9-3744A5D4ED33}"
EndProject
Project("{FAE04EC0-301F-11D3-BF4B-00C04F79EFBC}") = "Metodi_Files", "Esercitazioni\Metodi_Files\Metodi_Files.csproj", "{4EADBB7B-CBE2-7199-29D9-F2786D0377A1}"
EndProject
Project("{FAE04EC0-301F-11D3-BF4B-00C04F79EFBC}") = "Metodi_Liste", "Esercitazioni\Metodi_Liste\Metodi_Liste.csproj", "{767D4C1D-8891-DBBC-9555-4594915EECE3}"
EndProject
Project("{FAE04EC0-301F-11D3-BF4B-00C04F79EFBC}") = "Operatori", "Esercitazioni\Operatori\Operatori.csproj", "{F0126A9D-A96D-99A7-3F79-89229478F961}"
EndProject
Project("{FAE04EC0-301F-11D3-BF4B-00C04F79EFBC}") = "Random", "Esercitazioni\Random\Random.csproj", "{62EB3970-C4F2-7FE3-56A5-B34F4244A3FF}"
EndProject
Project("{FAE04EC0-301F-11D3-BF4B-00C04F79EFBC}") = "Tipi_di_dati", "Esercitazioni\Tipi_di_dati\Tipi_di_dati.csproj", "{274D586C-7842-7A3D-AB84-1692A085C99E}"
EndProject
Project("{FAE04EC0-301F-11D3-BF4B-00C04F79EFBC}") = "Tests", "EserciziCasa\Tests\Tests.csproj", "{1AB7BA99-E4FE-9752-691A-052612FA31E4}"
EndProject
Project("{2150E333-8FDC-42A3-9474-1A3956D46DE8}") = "Full-stack", "Full-stack", "{C5B0DC94-FA5B-54A8-E130-A0C14BB36520}"
EndProject
Project("{FAE04EC0-301F-11D3-BF4B-00C04F79EFBC}") = "Backend", "Esercitazioni\Full-stack\Backend\Backend.csproj", "{051D08B3-43A0-F989-088A-7DC60C02BCF5}"
EndProject
Global
	GlobalSection(SolutionConfigurationPlatforms) = preSolution
		Debug|Any CPU = Debug|Any CPU
		Release|Any CPU = Release|Any CPU
	EndGlobalSection
	GlobalSection(ProjectConfigurationPlatforms) = postSolution
		{CB4C7664-F6EA-1900-9083-A336E5B3F319}.Debug|Any CPU.ActiveCfg = Debug|Any CPU
		{CB4C7664-F6EA-1900-9083-A336E5B3F319}.Debug|Any CPU.Build.0 = Debug|Any CPU
		{CB4C7664-F6EA-1900-9083-A336E5B3F319}.Release|Any CPU.ActiveCfg = Release|Any CPU
		{CB4C7664-F6EA-1900-9083-A336E5B3F319}.Release|Any CPU.Build.0 = Release|Any CPU
		{58167A4E-B9A9-B632-B1DC-038EF06DF23E}.Debug|Any CPU.ActiveCfg = Debug|Any CPU
		{58167A4E-B9A9-B632-B1DC-038EF06DF23E}.Debug|Any CPU.Build.0 = Debug|Any CPU
		{58167A4E-B9A9-B632-B1DC-038EF06DF23E}.Release|Any CPU.ActiveCfg = Release|Any CPU
		{58167A4E-B9A9-B632-B1DC-038EF06DF23E}.Release|Any CPU.Build.0 = Release|Any CPU
		{460B657C-169D-92EA-A6AC-E0BE4C49555E}.Debug|Any CPU.ActiveCfg = Debug|Any CPU
		{460B657C-169D-92EA-A6AC-E0BE4C49555E}.Debug|Any CPU.Build.0 = Debug|Any CPU
		{460B657C-169D-92EA-A6AC-E0BE4C49555E}.Release|Any CPU.ActiveCfg = Release|Any CPU
		{460B657C-169D-92EA-A6AC-E0BE4C49555E}.Release|Any CPU.Build.0 = Release|Any CPU
		{BA5624D9-09E6-AAAD-6114-9A4CC096AF7D}.Debug|Any CPU.ActiveCfg = Debug|Any CPU
		{BA5624D9-09E6-AAAD-6114-9A4CC096AF7D}.Debug|Any CPU.Build.0 = Debug|Any CPU
		{BA5624D9-09E6-AAAD-6114-9A4CC096AF7D}.Release|Any CPU.ActiveCfg = Release|Any CPU
		{BA5624D9-09E6-AAAD-6114-9A4CC096AF7D}.Release|Any CPU.Build.0 = Release|Any CPU
		{03C3F779-2056-0CFA-6E51-2678B8C21398}.Debug|Any CPU.ActiveCfg = Debug|Any CPU
		{03C3F779-2056-0CFA-6E51-2678B8C21398}.Debug|Any CPU.Build.0 = Debug|Any CPU
		{03C3F779-2056-0CFA-6E51-2678B8C21398}.Release|Any CPU.ActiveCfg = Release|Any CPU
		{03C3F779-2056-0CFA-6E51-2678B8C21398}.Release|Any CPU.Build.0 = Release|Any CPU
		{30071807-6867-1966-0993-AF2D59673F87}.Debug|Any CPU.ActiveCfg = Debug|Any CPU
		{30071807-6867-1966-0993-AF2D59673F87}.Debug|Any CPU.Build.0 = Debug|Any CPU
		{30071807-6867-1966-0993-AF2D59673F87}.Release|Any CPU.ActiveCfg = Release|Any CPU
		{30071807-6867-1966-0993-AF2D59673F87}.Release|Any CPU.Build.0 = Release|Any CPU
		{4B65D679-A419-7D8F-134E-158CBE03ADED}.Debug|Any CPU.ActiveCfg = Debug|Any CPU
		{4B65D679-A419-7D8F-134E-158CBE03ADED}.Debug|Any CPU.Build.0 = Debug|Any CPU
		{4B65D679-A419-7D8F-134E-158CBE03ADED}.Release|Any CPU.ActiveCfg = Release|Any CPU
		{4B65D679-A419-7D8F-134E-158CBE03ADED}.Release|Any CPU.Build.0 = Release|Any CPU
		{5F97ED69-ADE0-4ED2-4468-CB35B422B883}.Debug|Any CPU.ActiveCfg = Debug|Any CPU
		{5F97ED69-ADE0-4ED2-4468-CB35B422B883}.Debug|Any CPU.Build.0 = Debug|Any CPU
		{5F97ED69-ADE0-4ED2-4468-CB35B422B883}.Release|Any CPU.ActiveCfg = Release|Any CPU
		{5F97ED69-ADE0-4ED2-4468-CB35B422B883}.Release|Any CPU.Build.0 = Release|Any CPU
		{2FD04A92-51AC-397B-FD4D-CCA004AFF877}.Debug|Any CPU.ActiveCfg = Debug|Any CPU
		{2FD04A92-51AC-397B-FD4D-CCA004AFF877}.Debug|Any CPU.Build.0 = Debug|Any CPU
		{2FD04A92-51AC-397B-FD4D-CCA004AFF877}.Release|Any CPU.ActiveCfg = Release|Any CPU
		{2FD04A92-51AC-397B-FD4D-CCA004AFF877}.Release|Any CPU.Build.0 = Release|Any CPU
		{50959BEB-E114-E733-869D-17CC8159114A}.Debug|Any CPU.ActiveCfg = Debug|Any CPU
		{50959BEB-E114-E733-869D-17CC8159114A}.Debug|Any CPU.Build.0 = Debug|Any CPU
		{50959BEB-E114-E733-869D-17CC8159114A}.Release|Any CPU.ActiveCfg = Release|Any CPU
		{50959BEB-E114-E733-869D-17CC8159114A}.Release|Any CPU.Build.0 = Release|Any CPU
		{BAE661F1-12A7-9F45-93BC-0BF4C87F6BA8}.Debug|Any CPU.ActiveCfg = Debug|Any CPU
		{BAE661F1-12A7-9F45-93BC-0BF4C87F6BA8}.Debug|Any CPU.Build.0 = Debug|Any CPU
		{BAE661F1-12A7-9F45-93BC-0BF4C87F6BA8}.Release|Any CPU.ActiveCfg = Release|Any CPU
		{BAE661F1-12A7-9F45-93BC-0BF4C87F6BA8}.Release|Any CPU.Build.0 = Release|Any CPU
		{5FA0CE92-8008-8E69-B3EB-86E2924787DC}.Debug|Any CPU.ActiveCfg = Debug|Any CPU
		{5FA0CE92-8008-8E69-B3EB-86E2924787DC}.Debug|Any CPU.Build.0 = Debug|Any CPU
		{5FA0CE92-8008-8E69-B3EB-86E2924787DC}.Release|Any CPU.ActiveCfg = Release|Any CPU
		{5FA0CE92-8008-8E69-B3EB-86E2924787DC}.Release|Any CPU.Build.0 = Release|Any CPU
		{70D26EF2-9FF8-1DEA-B063-82E91B8B378B}.Debug|Any CPU.ActiveCfg = Debug|Any CPU
		{70D26EF2-9FF8-1DEA-B063-82E91B8B378B}.Debug|Any CPU.Build.0 = Debug|Any CPU
		{70D26EF2-9FF8-1DEA-B063-82E91B8B378B}.Release|Any CPU.ActiveCfg = Release|Any CPU
		{70D26EF2-9FF8-1DEA-B063-82E91B8B378B}.Release|Any CPU.Build.0 = Release|Any CPU
		{1594B9E6-DE38-7E88-CE46-FF1C903BC34A}.Debug|Any CPU.ActiveCfg = Debug|Any CPU
		{1594B9E6-DE38-7E88-CE46-FF1C903BC34A}.Debug|Any CPU.Build.0 = Debug|Any CPU
		{1594B9E6-DE38-7E88-CE46-FF1C903BC34A}.Release|Any CPU.ActiveCfg = Release|Any CPU
		{1594B9E6-DE38-7E88-CE46-FF1C903BC34A}.Release|Any CPU.Build.0 = Release|Any CPU
		{69F4FBC8-7588-87B1-8AF6-0458E4036A47}.Debug|Any CPU.ActiveCfg = Debug|Any CPU
		{69F4FBC8-7588-87B1-8AF6-0458E4036A47}.Debug|Any CPU.Build.0 = Debug|Any CPU
		{69F4FBC8-7588-87B1-8AF6-0458E4036A47}.Release|Any CPU.ActiveCfg = Release|Any CPU
		{69F4FBC8-7588-87B1-8AF6-0458E4036A47}.Release|Any CPU.Build.0 = Release|Any CPU
		{0006D9FD-C33F-85E8-56DB-5C5BCF4D265E}.Debug|Any CPU.ActiveCfg = Debug|Any CPU
		{0006D9FD-C33F-85E8-56DB-5C5BCF4D265E}.Debug|Any CPU.Build.0 = Debug|Any CPU
		{0006D9FD-C33F-85E8-56DB-5C5BCF4D265E}.Release|Any CPU.ActiveCfg = Release|Any CPU
		{0006D9FD-C33F-85E8-56DB-5C5BCF4D265E}.Release|Any CPU.Build.0 = Release|Any CPU
		{6C5D848D-BF94-173B-82DD-B9614C76A239}.Debug|Any CPU.ActiveCfg = Debug|Any CPU
		{6C5D848D-BF94-173B-82DD-B9614C76A239}.Debug|Any CPU.Build.0 = Debug|Any CPU
		{6C5D848D-BF94-173B-82DD-B9614C76A239}.Release|Any CPU.ActiveCfg = Release|Any CPU
		{6C5D848D-BF94-173B-82DD-B9614C76A239}.Release|Any CPU.Build.0 = Release|Any CPU
		{B72CF3F3-A2C9-7DD5-2A82-051FD5E56BFB}.Debug|Any CPU.ActiveCfg = Debug|Any CPU
		{B72CF3F3-A2C9-7DD5-2A82-051FD5E56BFB}.Debug|Any CPU.Build.0 = Debug|Any CPU
		{B72CF3F3-A2C9-7DD5-2A82-051FD5E56BFB}.Release|Any CPU.ActiveCfg = Release|Any CPU
		{B72CF3F3-A2C9-7DD5-2A82-051FD5E56BFB}.Release|Any CPU.Build.0 = Release|Any CPU
		{4CBB267D-E4D3-7E09-CAF4-4C12D558DB7C}.Debug|Any CPU.ActiveCfg = Debug|Any CPU
		{4CBB267D-E4D3-7E09-CAF4-4C12D558DB7C}.Debug|Any CPU.Build.0 = Debug|Any CPU
		{4CBB267D-E4D3-7E09-CAF4-4C12D558DB7C}.Release|Any CPU.ActiveCfg = Release|Any CPU
		{4CBB267D-E4D3-7E09-CAF4-4C12D558DB7C}.Release|Any CPU.Build.0 = Release|Any CPU
		{67C70608-C20E-2AB8-592A-D70EDCCB49EA}.Debug|Any CPU.ActiveCfg = Debug|Any CPU
		{67C70608-C20E-2AB8-592A-D70EDCCB49EA}.Debug|Any CPU.Build.0 = Debug|Any CPU
		{67C70608-C20E-2AB8-592A-D70EDCCB49EA}.Release|Any CPU.ActiveCfg = Release|Any CPU
		{67C70608-C20E-2AB8-592A-D70EDCCB49EA}.Release|Any CPU.Build.0 = Release|Any CPU
		{630DD031-97C9-CCE7-89FB-2E6A383AE64A}.Debug|Any CPU.ActiveCfg = Debug|Any CPU
		{630DD031-97C9-CCE7-89FB-2E6A383AE64A}.Debug|Any CPU.Build.0 = Debug|Any CPU
		{630DD031-97C9-CCE7-89FB-2E6A383AE64A}.Release|Any CPU.ActiveCfg = Release|Any CPU
		{630DD031-97C9-CCE7-89FB-2E6A383AE64A}.Release|Any CPU.Build.0 = Release|Any CPU
		{2652E9EB-EE17-9B8A-60E7-634A7B373F57}.Debug|Any CPU.ActiveCfg = Debug|Any CPU
		{2652E9EB-EE17-9B8A-60E7-634A7B373F57}.Debug|Any CPU.Build.0 = Debug|Any CPU
		{2652E9EB-EE17-9B8A-60E7-634A7B373F57}.Release|Any CPU.ActiveCfg = Release|Any CPU
		{2652E9EB-EE17-9B8A-60E7-634A7B373F57}.Release|Any CPU.Build.0 = Release|Any CPU
		{4FE87A2A-699C-008A-DCB5-34935622BAE1}.Debug|Any CPU.ActiveCfg = Debug|Any CPU
		{4FE87A2A-699C-008A-DCB5-34935622BAE1}.Debug|Any CPU.Build.0 = Debug|Any CPU
		{4FE87A2A-699C-008A-DCB5-34935622BAE1}.Release|Any CPU.ActiveCfg = Release|Any CPU
		{4FE87A2A-699C-008A-DCB5-34935622BAE1}.Release|Any CPU.Build.0 = Release|Any CPU
		{A80A5CDF-6A66-EAAB-8C54-7B7D34D4CE5C}.Debug|Any CPU.ActiveCfg = Debug|Any CPU
		{A80A5CDF-6A66-EAAB-8C54-7B7D34D4CE5C}.Debug|Any CPU.Build.0 = Debug|Any CPU
		{A80A5CDF-6A66-EAAB-8C54-7B7D34D4CE5C}.Release|Any CPU.ActiveCfg = Release|Any CPU
		{A80A5CDF-6A66-EAAB-8C54-7B7D34D4CE5C}.Release|Any CPU.Build.0 = Release|Any CPU
		{85A1FD06-0D50-B2D2-94A9-3744A5D4ED33}.Debug|Any CPU.ActiveCfg = Debug|Any CPU
		{85A1FD06-0D50-B2D2-94A9-3744A5D4ED33}.Debug|Any CPU.Build.0 = Debug|Any CPU
		{85A1FD06-0D50-B2D2-94A9-3744A5D4ED33}.Release|Any CPU.ActiveCfg = Release|Any CPU
		{85A1FD06-0D50-B2D2-94A9-3744A5D4ED33}.Release|Any CPU.Build.0 = Release|Any CPU
		{4EADBB7B-CBE2-7199-29D9-F2786D0377A1}.Debug|Any CPU.ActiveCfg = Debug|Any CPU
		{4EADBB7B-CBE2-7199-29D9-F2786D0377A1}.Debug|Any CPU.Build.0 = Debug|Any CPU
		{4EADBB7B-CBE2-7199-29D9-F2786D0377A1}.Release|Any CPU.ActiveCfg = Release|Any CPU
		{4EADBB7B-CBE2-7199-29D9-F2786D0377A1}.Release|Any CPU.Build.0 = Release|Any CPU
		{767D4C1D-8891-DBBC-9555-4594915EECE3}.Debug|Any CPU.ActiveCfg = Debug|Any CPU
		{767D4C1D-8891-DBBC-9555-4594915EECE3}.Debug|Any CPU.Build.0 = Debug|Any CPU
		{767D4C1D-8891-DBBC-9555-4594915EECE3}.Release|Any CPU.ActiveCfg = Release|Any CPU
		{767D4C1D-8891-DBBC-9555-4594915EECE3}.Release|Any CPU.Build.0 = Release|Any CPU
		{F0126A9D-A96D-99A7-3F79-89229478F961}.Debug|Any CPU.ActiveCfg = Debug|Any CPU
		{F0126A9D-A96D-99A7-3F79-89229478F961}.Debug|Any CPU.Build.0 = Debug|Any CPU
		{F0126A9D-A96D-99A7-3F79-89229478F961}.Release|Any CPU.ActiveCfg = Release|Any CPU
		{F0126A9D-A96D-99A7-3F79-89229478F961}.Release|Any CPU.Build.0 = Release|Any CPU
		{62EB3970-C4F2-7FE3-56A5-B34F4244A3FF}.Debug|Any CPU.ActiveCfg = Debug|Any CPU
		{62EB3970-C4F2-7FE3-56A5-B34F4244A3FF}.Debug|Any CPU.Build.0 = Debug|Any CPU
		{62EB3970-C4F2-7FE3-56A5-B34F4244A3FF}.Release|Any CPU.ActiveCfg = Release|Any CPU
		{62EB3970-C4F2-7FE3-56A5-B34F4244A3FF}.Release|Any CPU.Build.0 = Release|Any CPU
		{274D586C-7842-7A3D-AB84-1692A085C99E}.Debug|Any CPU.ActiveCfg = Debug|Any CPU
		{274D586C-7842-7A3D-AB84-1692A085C99E}.Debug|Any CPU.Build.0 = Debug|Any CPU
		{274D586C-7842-7A3D-AB84-1692A085C99E}.Release|Any CPU.ActiveCfg = Release|Any CPU
		{274D586C-7842-7A3D-AB84-1692A085C99E}.Release|Any CPU.Build.0 = Release|Any CPU
		{1AB7BA99-E4FE-9752-691A-052612FA31E4}.Debug|Any CPU.ActiveCfg = Debug|Any CPU
		{1AB7BA99-E4FE-9752-691A-052612FA31E4}.Debug|Any CPU.Build.0 = Debug|Any CPU
		{1AB7BA99-E4FE-9752-691A-052612FA31E4}.Release|Any CPU.ActiveCfg = Release|Any CPU
		{1AB7BA99-E4FE-9752-691A-052612FA31E4}.Release|Any CPU.Build.0 = Release|Any CPU
		{051D08B3-43A0-F989-088A-7DC60C02BCF5}.Debug|Any CPU.ActiveCfg = Debug|Any CPU
		{051D08B3-43A0-F989-088A-7DC60C02BCF5}.Debug|Any CPU.Build.0 = Debug|Any CPU
		{051D08B3-43A0-F989-088A-7DC60C02BCF5}.Release|Any CPU.ActiveCfg = Release|Any CPU
		{051D08B3-43A0-F989-088A-7DC60C02BCF5}.Release|Any CPU.Build.0 = Release|Any CPU
	EndGlobalSection
	GlobalSection(SolutionProperties) = preSolution
		HideSolutionNode = FALSE
	EndGlobalSection
	GlobalSection(NestedProjects) = preSolution
		{CB4C7664-F6EA-1900-9083-A336E5B3F319} = {9AD56520-CC69-D13B-DD50-24A91D5BFBA7}
		{58167A4E-B9A9-B632-B1DC-038EF06DF23E} = {9AD56520-CC69-D13B-DD50-24A91D5BFBA7}
		{460B657C-169D-92EA-A6AC-E0BE4C49555E} = {9AD56520-CC69-D13B-DD50-24A91D5BFBA7}
		{BA5624D9-09E6-AAAD-6114-9A4CC096AF7D} = {9AD56520-CC69-D13B-DD50-24A91D5BFBA7}
		{03C3F779-2056-0CFA-6E51-2678B8C21398} = {9AD56520-CC69-D13B-DD50-24A91D5BFBA7}
		{30071807-6867-1966-0993-AF2D59673F87} = {9AD56520-CC69-D13B-DD50-24A91D5BFBA7}
		{4B65D679-A419-7D8F-134E-158CBE03ADED} = {9AD56520-CC69-D13B-DD50-24A91D5BFBA7}
		{5F97ED69-ADE0-4ED2-4468-CB35B422B883} = {9AD56520-CC69-D13B-DD50-24A91D5BFBA7}
		{2FD04A92-51AC-397B-FD4D-CCA004AFF877} = {9AD56520-CC69-D13B-DD50-24A91D5BFBA7}
		{50959BEB-E114-E733-869D-17CC8159114A} = {9AD56520-CC69-D13B-DD50-24A91D5BFBA7}
		{BAE661F1-12A7-9F45-93BC-0BF4C87F6BA8} = {9AD56520-CC69-D13B-DD50-24A91D5BFBA7}
		{5FA0CE92-8008-8E69-B3EB-86E2924787DC} = {9AD56520-CC69-D13B-DD50-24A91D5BFBA7}
		{70D26EF2-9FF8-1DEA-B063-82E91B8B378B} = {9AD56520-CC69-D13B-DD50-24A91D5BFBA7}
		{1594B9E6-DE38-7E88-CE46-FF1C903BC34A} = {9AD56520-CC69-D13B-DD50-24A91D5BFBA7}
		{69F4FBC8-7588-87B1-8AF6-0458E4036A47} = {9AD56520-CC69-D13B-DD50-24A91D5BFBA7}
		{0006D9FD-C33F-85E8-56DB-5C5BCF4D265E} = {F312FC38-84F1-8DE5-C76E-1430CDC4E95E}
		{6C5D848D-BF94-173B-82DD-B9614C76A239} = {F312FC38-84F1-8DE5-C76E-1430CDC4E95E}
		{B72CF3F3-A2C9-7DD5-2A82-051FD5E56BFB} = {F312FC38-84F1-8DE5-C76E-1430CDC4E95E}
		{4CBB267D-E4D3-7E09-CAF4-4C12D558DB7C} = {F312FC38-84F1-8DE5-C76E-1430CDC4E95E}
		{67C70608-C20E-2AB8-592A-D70EDCCB49EA} = {F312FC38-84F1-8DE5-C76E-1430CDC4E95E}
		{630DD031-97C9-CCE7-89FB-2E6A383AE64A} = {F312FC38-84F1-8DE5-C76E-1430CDC4E95E}
		{2652E9EB-EE17-9B8A-60E7-634A7B373F57} = {F312FC38-84F1-8DE5-C76E-1430CDC4E95E}
		{4FE87A2A-699C-008A-DCB5-34935622BAE1} = {F312FC38-84F1-8DE5-C76E-1430CDC4E95E}
		{A80A5CDF-6A66-EAAB-8C54-7B7D34D4CE5C} = {F312FC38-84F1-8DE5-C76E-1430CDC4E95E}
		{85A1FD06-0D50-B2D2-94A9-3744A5D4ED33} = {F312FC38-84F1-8DE5-C76E-1430CDC4E95E}
		{4EADBB7B-CBE2-7199-29D9-F2786D0377A1} = {F312FC38-84F1-8DE5-C76E-1430CDC4E95E}
		{767D4C1D-8891-DBBC-9555-4594915EECE3} = {F312FC38-84F1-8DE5-C76E-1430CDC4E95E}
		{F0126A9D-A96D-99A7-3F79-89229478F961} = {F312FC38-84F1-8DE5-C76E-1430CDC4E95E}
		{62EB3970-C4F2-7FE3-56A5-B34F4244A3FF} = {F312FC38-84F1-8DE5-C76E-1430CDC4E95E}
		{274D586C-7842-7A3D-AB84-1692A085C99E} = {F312FC38-84F1-8DE5-C76E-1430CDC4E95E}
		{1AB7BA99-E4FE-9752-691A-052612FA31E4} = {36E7A5F5-63AD-A372-DEB4-2DFFA557044D}
		{C5B0DC94-FA5B-54A8-E130-A0C14BB36520} = {F312FC38-84F1-8DE5-C76E-1430CDC4E95E}
		{051D08B3-43A0-F989-088A-7DC60C02BCF5} = {C5B0DC94-FA5B-54A8-E130-A0C14BB36520}
	EndGlobalSection
	GlobalSection(ExtensibilityGlobals) = postSolution
		SolutionGuid = {26034589-3983-4D97-AA58-364E765D7616}
	EndGlobalSection
EndGlobal
